
Microsoft Visual Studio Solution File, Format Version 12.00
# Visual Studio Version 16
VisualStudioVersion = 16.0.31911.196
MinimumVisualStudioVersion = 10.0.40219.1
Project("{FAE04EC0-301F-11D3-BF4B-00C04F79EFBC}") = "git-start", "git-start\git-start.csproj", "{3389059F-61C3-4006-8EBF-6403E7E449C3}"
EndProject
Global
	GlobalSection(SolutionConfigurationPlatforms) = preSolution
		Debug|Any CPU = Debug|Any CPU
		Release|Any CPU = Release|Any CPU
	EndGlobalSection
	GlobalSection(ProjectConfigurationPlatforms) = postSolution
		{3389059F-61C3-4006-8EBF-6403E7E449C3}.Debug|Any CPU.ActiveCfg = Debug|Any CPU
		{3389059F-61C3-4006-8EBF-6403E7E449C3}.Debug|Any CPU.Build.0 = Debug|Any CPU
		{3389059F-61C3-4006-8EBF-6403E7E449C3}.Release|Any CPU.ActiveCfg = Release|Any CPU
		{3389059F-61C3-4006-8EBF-6403E7E449C3}.Release|Any CPU.Build.0 = Release|Any CPU
	EndGlobalSection
	GlobalSection(SolutionProperties) = preSolution
		HideSolutionNode = FALSE
	EndGlobalSection
	GlobalSection(ExtensibilityGlobals) = postSolution
		SolutionGuid = {03F1084E-0F01-488E-9290-FB5B53C52E42}
	EndGlobalSection
EndGlobal
